
Microsoft Visual Studio Solution File, Format Version 12.00
# Visual Studio Version 16
VisualStudioVersion = 16.0.29509.3
MinimumVisualStudioVersion = 10.0.40219.1
Project("{9A19103F-16F7-4668-BE54-9A1E7A4F7556}") = "source", "source\source.csproj", "{EE3260AE-6FDC-4B31-B539-D54B031F4C3E}"
EndProject
Project("{9A19103F-16F7-4668-BE54-9A1E7A4F7556}") = "tests", "tests\tests.csproj", "{2F228738-7E55-4112-A72D-F8FA51526A2F}"
EndProject
Global
	GlobalSection(SolutionConfigurationPlatforms) = preSolution
		Debug|Any CPU = Debug|Any CPU
		Release|Any CPU = Release|Any CPU
	EndGlobalSection
	GlobalSection(ProjectConfigurationPlatforms) = postSolution
		{EE3260AE-6FDC-4B31-B539-D54B031F4C3E}.Debug|Any CPU.ActiveCfg = Debug|Any CPU
		{EE3260AE-6FDC-4B31-B539-D54B031F4C3E}.Debug|Any CPU.Build.0 = Debug|Any CPU
		{EE3260AE-6FDC-4B31-B539-D54B031F4C3E}.Release|Any CPU.ActiveCfg = Release|Any CPU
		{EE3260AE-6FDC-4B31-B539-D54B031F4C3E}.Release|Any CPU.Build.0 = Release|Any CPU
		{2F228738-7E55-4112-A72D-F8FA51526A2F}.Debug|Any CPU.ActiveCfg = Debug|Any CPU
		{2F228738-7E55-4112-A72D-F8FA51526A2F}.Debug|Any CPU.Build.0 = Debug|Any CPU
		{2F228738-7E55-4112-A72D-F8FA51526A2F}.Release|Any CPU.ActiveCfg = Release|Any CPU
		{2F228738-7E55-4112-A72D-F8FA51526A2F}.Release|Any CPU.Build.0 = Release|Any CPU
	EndGlobalSection
	GlobalSection(SolutionProperties) = preSolution
		HideSolutionNode = FALSE
	EndGlobalSection
	GlobalSection(ExtensibilityGlobals) = postSolution
		SolutionGuid = {D3E0DED5-6D5C-4B23-A14B-38191CFF8F23}
	EndGlobalSection
EndGlobal
